
Microsoft Visual Studio Solution File, Format Version 12.00
# Visual Studio Version 17
VisualStudioVersion = 17.9.34728.123
MinimumVisualStudioVersion = 10.0.40219.1
Project("{FAE04EC0-301F-11D3-BF4B-00C04F79EFBC}") = "LPOO1_GRUPO_11", "LPOO1_GRUPO_11\LPOO1_GRUPO_11.csproj", "{6FF9162F-301A-49F3-B233-86801FDECCAA}"
EndProject
Project("{9A19103F-16F7-4668-BE54-9A1E7A4F7556}") = "ClaseBase", "ClaseBase\ClaseBase.csproj", "{C1F51B25-78B6-4E02-8354-3BEA7E193AAB}"
EndProject
Project("{FAE04EC0-301F-11D3-BF4B-00C04F79EFBC}") = "Vistas", "Vistas\Vistas.csproj", "{7C59A923-5A75-4DA0-9696-4415250E1BDC}"
EndProject
Global
	GlobalSection(SolutionConfigurationPlatforms) = preSolution
		Debug|Any CPU = Debug|Any CPU
		Release|Any CPU = Release|Any CPU
	EndGlobalSection
	GlobalSection(ProjectConfigurationPlatforms) = postSolution
		{6FF9162F-301A-49F3-B233-86801FDECCAA}.Debug|Any CPU.ActiveCfg = Debug|Any CPU
		{6FF9162F-301A-49F3-B233-86801FDECCAA}.Debug|Any CPU.Build.0 = Debug|Any CPU
		{6FF9162F-301A-49F3-B233-86801FDECCAA}.Release|Any CPU.ActiveCfg = Release|Any CPU
		{6FF9162F-301A-49F3-B233-86801FDECCAA}.Release|Any CPU.Build.0 = Release|Any CPU
		{C1F51B25-78B6-4E02-8354-3BEA7E193AAB}.Debug|Any CPU.ActiveCfg = Debug|Any CPU
		{C1F51B25-78B6-4E02-8354-3BEA7E193AAB}.Debug|Any CPU.Build.0 = Debug|Any CPU
		{C1F51B25-78B6-4E02-8354-3BEA7E193AAB}.Release|Any CPU.ActiveCfg = Release|Any CPU
		{C1F51B25-78B6-4E02-8354-3BEA7E193AAB}.Release|Any CPU.Build.0 = Release|Any CPU
		{7C59A923-5A75-4DA0-9696-4415250E1BDC}.Debug|Any CPU.ActiveCfg = Debug|Any CPU
		{7C59A923-5A75-4DA0-9696-4415250E1BDC}.Debug|Any CPU.Build.0 = Debug|Any CPU
		{7C59A923-5A75-4DA0-9696-4415250E1BDC}.Release|Any CPU.ActiveCfg = Release|Any CPU
		{7C59A923-5A75-4DA0-9696-4415250E1BDC}.Release|Any CPU.Build.0 = Release|Any CPU
	EndGlobalSection
	GlobalSection(SolutionProperties) = preSolution
		HideSolutionNode = FALSE
	EndGlobalSection
	GlobalSection(ExtensibilityGlobals) = postSolution
		SolutionGuid = {43F4E2BF-16ED-4742-AB16-6AFD1785D17A}
	EndGlobalSection
EndGlobal
